
Microsoft Visual Studio Solution File, Format Version 12.00
# Visual Studio Version 17
VisualStudioVersion = 17.0.31912.275
MinimumVisualStudioVersion = 10.0.40219.1
Project("{9A19103F-16F7-4668-BE54-9A1E7A4F7556}") = "FStudent", "FStudent\FStudent.csproj", "{006EA510-11CF-4E5F-B46A-3603A6584214}"
EndProject
Global
	GlobalSection(SolutionConfigurationPlatforms) = preSolution
		Debug|Any CPU = Debug|Any CPU
		Release|Any CPU = Release|Any CPU
	EndGlobalSection
	GlobalSection(ProjectConfigurationPlatforms) = postSolution
		{006EA510-11CF-4E5F-B46A-3603A6584214}.Debug|Any CPU.ActiveCfg = Debug|Any CPU
		{006EA510-11CF-4E5F-B46A-3603A6584214}.Debug|Any CPU.Build.0 = Debug|Any CPU
		{006EA510-11CF-4E5F-B46A-3603A6584214}.Release|Any CPU.ActiveCfg = Release|Any CPU
		{006EA510-11CF-4E5F-B46A-3603A6584214}.Release|Any CPU.Build.0 = Release|Any CPU
	EndGlobalSection
	GlobalSection(SolutionProperties) = preSolution
		HideSolutionNode = FALSE
	EndGlobalSection
	GlobalSection(ExtensibilityGlobals) = postSolution
		SolutionGuid = {18CBB309-047F-4A31-B456-EB945839572E}
	EndGlobalSection
EndGlobal
